
Microsoft Visual Studio Solution File, Format Version 12.00
# Visual Studio Version 17
VisualStudioVersion = 17.14.36408.4 d17.14
MinimumVisualStudioVersion = 10.0.40219.1
Project("{FAE04EC0-301F-11D3-BF4B-00C04F79EFBC}") = "CicdDashboard.Blazor", "CicdDashboard.Blazor.csproj", "{4F7DC443-F545-6DFB-C877-69F4EA44F30B}"
EndProject
Global
	GlobalSection(SolutionConfigurationPlatforms) = preSolution
		Debug|Any CPU = Debug|Any CPU
		Release|Any CPU = Release|Any CPU
	EndGlobalSection
	GlobalSection(ProjectConfigurationPlatforms) = postSolution
		{4F7DC443-F545-6DFB-C877-69F4EA44F30B}.Debug|Any CPU.ActiveCfg = Debug|Any CPU
		{4F7DC443-F545-6DFB-C877-69F4EA44F30B}.Debug|Any CPU.Build.0 = Debug|Any CPU
		{4F7DC443-F545-6DFB-C877-69F4EA44F30B}.Release|Any CPU.ActiveCfg = Release|Any CPU
		{4F7DC443-F545-6DFB-C877-69F4EA44F30B}.Release|Any CPU.Build.0 = Release|Any CPU
	EndGlobalSection
	GlobalSection(SolutionProperties) = preSolution
		HideSolutionNode = FALSE
	EndGlobalSection
	GlobalSection(ExtensibilityGlobals) = postSolution
		SolutionGuid = {349F412D-43D1-4848-9607-BF5D833E8DE5}
	EndGlobalSection
EndGlobal
